
Microsoft Visual Studio Solution File, Format Version 12.00
# Visual Studio 15
VisualStudioVersion = 15.0.26124.0
MinimumVisualStudioVersion = 15.0.26124.0
Project("{2150E333-8FDC-42A3-9474-1A3956D46DE8}") = "src", "src", "{67C3C3D1-1B3B-4251-9E06-43FDBD48A60B}"
EndProject
Project("{FAE04EC0-301F-11D3-BF4B-00C04F79EFBC}") = "CommandAPI", "src\CommandAPI\CommandAPI.csproj", "{C7F062F0-D874-4282-A1CF-6DEF5C95101B}"
EndProject
Project("{2150E333-8FDC-42A3-9474-1A3956D46DE8}") = "test", "test", "{B51C0FAC-2729-4991-9197-AC7CD9BC73A7}"
EndProject
Project("{FAE04EC0-301F-11D3-BF4B-00C04F79EFBC}") = "CommandAPI.Tests", "test\CommandAPI.Tests\CommandAPI.Tests.csproj", "{46B2A962-EB90-434C-A40F-4C8EB0836364}"
EndProject
Global
	GlobalSection(SolutionConfigurationPlatforms) = preSolution
		Debug|Any CPU = Debug|Any CPU
		Debug|x64 = Debug|x64
		Debug|x86 = Debug|x86
		Release|Any CPU = Release|Any CPU
		Release|x64 = Release|x64
		Release|x86 = Release|x86
	EndGlobalSection
	GlobalSection(SolutionProperties) = preSolution
		HideSolutionNode = FALSE
	EndGlobalSection
	GlobalSection(ProjectConfigurationPlatforms) = postSolution
		{C7F062F0-D874-4282-A1CF-6DEF5C95101B}.Debug|Any CPU.ActiveCfg = Debug|Any CPU
		{C7F062F0-D874-4282-A1CF-6DEF5C95101B}.Debug|Any CPU.Build.0 = Debug|Any CPU
		{C7F062F0-D874-4282-A1CF-6DEF5C95101B}.Debug|x64.ActiveCfg = Debug|Any CPU
		{C7F062F0-D874-4282-A1CF-6DEF5C95101B}.Debug|x64.Build.0 = Debug|Any CPU
		{C7F062F0-D874-4282-A1CF-6DEF5C95101B}.Debug|x86.ActiveCfg = Debug|Any CPU
		{C7F062F0-D874-4282-A1CF-6DEF5C95101B}.Debug|x86.Build.0 = Debug|Any CPU
		{C7F062F0-D874-4282-A1CF-6DEF5C95101B}.Release|Any CPU.ActiveCfg = Release|Any CPU
		{C7F062F0-D874-4282-A1CF-6DEF5C95101B}.Release|Any CPU.Build.0 = Release|Any CPU
		{C7F062F0-D874-4282-A1CF-6DEF5C95101B}.Release|x64.ActiveCfg = Release|Any CPU
		{C7F062F0-D874-4282-A1CF-6DEF5C95101B}.Release|x64.Build.0 = Release|Any CPU
		{C7F062F0-D874-4282-A1CF-6DEF5C95101B}.Release|x86.ActiveCfg = Release|Any CPU
		{C7F062F0-D874-4282-A1CF-6DEF5C95101B}.Release|x86.Build.0 = Release|Any CPU
		{46B2A962-EB90-434C-A40F-4C8EB0836364}.Debug|Any CPU.ActiveCfg = Debug|Any CPU
		{46B2A962-EB90-434C-A40F-4C8EB0836364}.Debug|Any CPU.Build.0 = Debug|Any CPU
		{46B2A962-EB90-434C-A40F-4C8EB0836364}.Debug|x64.ActiveCfg = Debug|Any CPU
		{46B2A962-EB90-434C-A40F-4C8EB0836364}.Debug|x64.Build.0 = Debug|Any CPU
		{46B2A962-EB90-434C-A40F-4C8EB0836364}.Debug|x86.ActiveCfg = Debug|Any CPU
		{46B2A962-EB90-434C-A40F-4C8EB0836364}.Debug|x86.Build.0 = Debug|Any CPU
		{46B2A962-EB90-434C-A40F-4C8EB0836364}.Release|Any CPU.ActiveCfg = Release|Any CPU
		{46B2A962-EB90-434C-A40F-4C8EB0836364}.Release|Any CPU.Build.0 = Release|Any CPU
		{46B2A962-EB90-434C-A40F-4C8EB0836364}.Release|x64.ActiveCfg = Release|Any CPU
		{46B2A962-EB90-434C-A40F-4C8EB0836364}.Release|x64.Build.0 = Release|Any CPU
		{46B2A962-EB90-434C-A40F-4C8EB0836364}.Release|x86.ActiveCfg = Release|Any CPU
		{46B2A962-EB90-434C-A40F-4C8EB0836364}.Release|x86.Build.0 = Release|Any CPU
	EndGlobalSection
	GlobalSection(NestedProjects) = preSolution
		{C7F062F0-D874-4282-A1CF-6DEF5C95101B} = {67C3C3D1-1B3B-4251-9E06-43FDBD48A60B}
		{46B2A962-EB90-434C-A40F-4C8EB0836364} = {B51C0FAC-2729-4991-9197-AC7CD9BC73A7}
	EndGlobalSection
EndGlobal
